
Microsoft Visual Studio Solution File, Format Version 12.00
# Visual Studio Version 16
VisualStudioVersion = 16.0.30523.141
MinimumVisualStudioVersion = 10.0.40219.1
Project("{FAE04EC0-301F-11D3-BF4B-00C04F79EFBC}") = "Final_Exam_F2020_7243", "Final_Exam_F2020_7243\Final_Exam_F2020_7243.csproj", "{A8F87C98-960B-4B90-BE30-A6159818459E}"
EndProject
Global
	GlobalSection(SolutionConfigurationPlatforms) = preSolution
		Debug|Any CPU = Debug|Any CPU
		Release|Any CPU = Release|Any CPU
	EndGlobalSection
	GlobalSection(ProjectConfigurationPlatforms) = postSolution
		{A8F87C98-960B-4B90-BE30-A6159818459E}.Debug|Any CPU.ActiveCfg = Debug|Any CPU
		{A8F87C98-960B-4B90-BE30-A6159818459E}.Debug|Any CPU.Build.0 = Debug|Any CPU
		{A8F87C98-960B-4B90-BE30-A6159818459E}.Release|Any CPU.ActiveCfg = Release|Any CPU
		{A8F87C98-960B-4B90-BE30-A6159818459E}.Release|Any CPU.Build.0 = Release|Any CPU
	EndGlobalSection
	GlobalSection(SolutionProperties) = preSolution
		HideSolutionNode = FALSE
	EndGlobalSection
	GlobalSection(ExtensibilityGlobals) = postSolution
		SolutionGuid = {92F1A704-C7EC-4095-9442-69B12F86123C}
	EndGlobalSection
EndGlobal
